// !$*UTF8*$!
{
	archiveVersion = 1;
	classes = {
	};
	objectVersion = 46;
	objects = {

/* Begin PBXBuildFile section */
		0429D558324FA3D2327D8C88 /* Pods_firebaseTestingUITests.framework in Frameworks */ = {isa = PBXBuildFile; fileRef = 2C2E750552FFC097C2605219 /* Pods_firebaseTestingUITests.framework */; };
		B0222AA2DBA35DC3C739D158 /* Pods_firebaseTestingTests.framework in Frameworks */ = {isa = PBXBuildFile; fileRef = CDD1078092B8CE47E1DB4416 /* Pods_firebaseTestingTests.framework */; };
		DEAF4E871DA52C9E000DC053 /* AppDelegate.swift in Sources */ = {isa = PBXBuildFile; fileRef = DEAF4E861DA52C9E000DC053 /* AppDelegate.swift */; };
		DEAF4E891DA52C9E000DC053 /* ViewController.swift in Sources */ = {isa = PBXBuildFile; fileRef = DEAF4E881DA52C9E000DC053 /* ViewController.swift */; };
		DEAF4E8C1DA52C9E000DC053 /* Main.storyboard in Resources */ = {isa = PBXBuildFile; fileRef = DEAF4E8A1DA52C9E000DC053 /* Main.storyboard */; };
		DEAF4E8F1DA52C9E000DC053 /* firebaseTesting.xcdatamodeld in Sources */ = {isa = PBXBuildFile; fileRef = DEAF4E8D1DA52C9E000DC053 /* firebaseTesting.xcdatamodeld */; };
		DEAF4E911DA52C9E000DC053 /* Assets.xcassets in Resources */ = {isa = PBXBuildFile; fileRef = DEAF4E901DA52C9E000DC053 /* Assets.xcassets */; };
		DEAF4E941DA52C9E000DC053 /* LaunchScreen.storyboard in Resources */ = {isa = PBXBuildFile; fileRef = DEAF4E921DA52C9E000DC053 /* LaunchScreen.storyboard */; };
		DEAF4E9F1DA52C9E000DC053 /* firebaseTestingTests.swift in Sources */ = {isa = PBXBuildFile; fileRef = DEAF4E9E1DA52C9E000DC053 /* firebaseTestingTests.swift */; };
		DEAF4EAA1DA52C9E000DC053 /* firebaseTestingUITests.swift in Sources */ = {isa = PBXBuildFile; fileRef = DEAF4EA91DA52C9E000DC053 /* firebaseTestingUITests.swift */; };
		DEAF4EB81DA52D13000DC053 /* GoogleService-Info.plist in Resources */ = {isa = PBXBuildFile; fileRef = DEAF4EB71DA52D13000DC053 /* GoogleService-Info.plist */; };
		FB0320B697974827034AA68A /* Pods_firebaseTesting.framework in Frameworks */ = {isa = PBXBuildFile; fileRef = 747BDB7490F7C7B216A82285 /* Pods_firebaseTesting.framework */; };
/* End PBXBuildFile section */

/* Begin PBXContainerItemProxy section */
		DEAF4E9B1DA52C9E000DC053 /* PBXContainerItemProxy */ = {
			isa = PBXContainerItemProxy;
			containerPortal = DEAF4E7B1DA52C9E000DC053 /* Project object */;
			proxyType = 1;
			remoteGlobalIDString = DEAF4E821DA52C9E000DC053;
			remoteInfo = firebaseTesting;
		};
		DEAF4EA61DA52C9E000DC053 /* PBXContainerItemProxy */ = {
			isa = PBXContainerItemProxy;
			containerPortal = DEAF4E7B1DA52C9E000DC053 /* Project object */;
			proxyType = 1;
			remoteGlobalIDString = DEAF4E821DA52C9E000DC053;
			remoteInfo = firebaseTesting;
		};
/* End PBXContainerItemProxy section */

/* Begin PBXFileReference section */
		2C2E750552FFC097C2605219 /* Pods_firebaseTestingUITests.framework */ = {isa = PBXFileReference; explicitFileType = wrapper.framework; includeInIndex = 0; path = Pods_firebaseTestingUITests.framework; sourceTree = BUILT_PRODUCTS_DIR; };
		4A251BD7F7C2A7B834C79A10 /* Pods-firebaseTestingTests.debug.xcconfig */ = {isa = PBXFileReference; includeInIndex = 1; lastKnownFileType = text.xcconfig; name = "Pods-firebaseTestingTests.debug.xcconfig"; path = "Pods/Target Support Files/Pods-firebaseTestingTests/Pods-firebaseTestingTests.debug.xcconfig"; sourceTree = "<group>"; };
		4DA65C98C372C6DE9FA5ECDC /* Pods-firebaseTestingUITests.debug.xcconfig */ = {isa = PBXFileReference; includeInIndex = 1; lastKnownFileType = text.xcconfig; name = "Pods-firebaseTestingUITests.debug.xcconfig"; path = "Pods/Target Support Files/Pods-firebaseTestingUITests/Pods-firebaseTestingUITests.debug.xcconfig"; sourceTree = "<group>"; };
		6175CB06DC6532E152E178D8 /* Pods-firebaseTestingUITests.release.xcconfig */ = {isa = PBXFileReference; includeInIndex = 1; lastKnownFileType = text.xcconfig; name = "Pods-firebaseTestingUITests.release.xcconfig"; path = "Pods/Target Support Files/Pods-firebaseTestingUITests/Pods-firebaseTestingUITests.release.xcconfig"; sourceTree = "<group>"; };
		747BDB7490F7C7B216A82285 /* Pods_firebaseTesting.framework */ = {isa = PBXFileReference; explicitFileType = wrapper.framework; includeInIndex = 0; path = Pods_firebaseTesting.framework; sourceTree = BUILT_PRODUCTS_DIR; };
		AC6D8CEB84DD1F707E217A40 /* Pods-firebaseTesting.release.xcconfig */ = {isa = PBXFileReference; includeInIndex = 1; lastKnownFileType = text.xcconfig; name = "Pods-firebaseTesting.release.xcconfig"; path = "Pods/Target Support Files/Pods-firebaseTesting/Pods-firebaseTesting.release.xcconfig"; sourceTree = "<group>"; };
		CDD1078092B8CE47E1DB4416 /* Pods_firebaseTestingTests.framework */ = {isa = PBXFileReference; explicitFileType = wrapper.framework; includeInIndex = 0; path = Pods_firebaseTestingTests.framework; sourceTree = BUILT_PRODUCTS_DIR; };
		DEAF4E831DA52C9E000DC053 /* firebaseTesting.app */ = {isa = PBXFileReference; explicitFileType = wrapper.application; includeInIndex = 0; path = firebaseTesting.app; sourceTree = BUILT_PRODUCTS_DIR; };
		DEAF4E861DA52C9E000DC053 /* AppDelegate.swift */ = {isa = PBXFileReference; lastKnownFileType = sourcecode.swift; path = AppDelegate.swift; sourceTree = "<group>"; };
		DEAF4E881DA52C9E000DC053 /* ViewController.swift */ = {isa = PBXFileReference; lastKnownFileType = sourcecode.swift; path = ViewController.swift; sourceTree = "<group>"; };
		DEAF4E8B1DA52C9E000DC053 /* Base */ = {isa = PBXFileReference; lastKnownFileType = file.storyboard; name = Base; path = Base.lproj/Main.storyboard; sourceTree = "<group>"; };
		DEAF4E8E1DA52C9E000DC053 /* firebaseTesting.xcdatamodel */ = {isa = PBXFileReference; lastKnownFileType = wrapper.xcdatamodel; path = firebaseTesting.xcdatamodel; sourceTree = "<group>"; };
		DEAF4E901DA52C9E000DC053 /* Assets.xcassets */ = {isa = PBXFileReference; lastKnownFileType = folder.assetcatalog; path = Assets.xcassets; sourceTree = "<group>"; };
		DEAF4E931DA52C9E000DC053 /* Base */ = {isa = PBXFileReference; lastKnownFileType = file.storyboard; name = Base; path = Base.lproj/LaunchScreen.storyboard; sourceTree = "<group>"; };
		DEAF4E951DA52C9E000DC053 /* Info.plist */ = {isa = PBXFileReference; lastKnownFileType = text.plist.xml; path = Info.plist; sourceTree = "<group>"; };
		DEAF4E9A1DA52C9E000DC053 /* firebaseTestingTests.xctest */ = {isa = PBXFileReference; explicitFileType = wrapper.cfbundle; includeInIndex = 0; path = firebaseTestingTests.xctest; sourceTree = BUILT_PRODUCTS_DIR; };
		DEAF4E9E1DA52C9E000DC053 /* firebaseTestingTests.swift */ = {isa = PBXFileReference; lastKnownFileType = sourcecode.swift; path = firebaseTestingTests.swift; sourceTree = "<group>"; };
		DEAF4EA01DA52C9E000DC053 /* Info.plist */ = {isa = PBXFileReference; lastKnownFileType = text.plist.xml; path = Info.plist; sourceTree = "<group>"; };
		DEAF4EA51DA52C9E000DC053 /* firebaseTestingUITests.xctest */ = {isa = PBXFileReference; explicitFileType = wrapper.cfbundle; includeInIndex = 0; path = firebaseTestingUITests.xctest; sourceTree = BUILT_PRODUCTS_DIR; };
		DEAF4EA91DA52C9E000DC053 /* firebaseTestingUITests.swift */ = {isa = PBXFileReference; lastKnownFileType = sourcecode.swift; path = firebaseTestingUITests.swift; sourceTree = "<group>"; };
		DEAF4EAB1DA52C9E000DC053 /* Info.plist */ = {isa = PBXFileReference; lastKnownFileType = text.plist.xml; path = Info.plist; sourceTree = "<group>"; };
		DEAF4EB71DA52D13000DC053 /* GoogleService-Info.plist */ = {isa = PBXFileReference; fileEncoding = 4; lastKnownFileType = text.plist.xml; path = "GoogleService-Info.plist"; sourceTree = "<group>"; };
		E26858E73ABD23574207B6CA /* Pods-firebaseTestingTests.release.xcconfig */ = {isa = PBXFileReference; includeInIndex = 1; lastKnownFileType = text.xcconfig; name = "Pods-firebaseTestingTests.release.xcconfig"; path = "Pods/Target Support Files/Pods-firebaseTestingTests/Pods-firebaseTestingTests.release.xcconfig"; sourceTree = "<group>"; };
		F41DA7AAFD262F47DF516A6E /* Pods-firebaseTesting.debug.xcconfig */ = {isa = PBXFileReference; includeInIndex = 1; lastKnownFileType = text.xcconfig; name = "Pods-firebaseTesting.debug.xcconfig"; path = "Pods/Target Support Files/Pods-firebaseTesting/Pods-firebaseTesting.debug.xcconfig"; sourceTree = "<group>"; };
/* End PBXFileReference section */

/* Begin PBXFrameworksBuildPhase section */
		DEAF4E801DA52C9E000DC053 /* Frameworks */ = {
			isa = PBXFrameworksBuildPhase;
			buildActionMask = 2147483647;
			files = (
				FB0320B697974827034AA68A /* Pods_firebaseTesting.framework in Frameworks */,
			);
			runOnlyForDeploymentPostprocessing = 0;
		};
		DEAF4E971DA52C9E000DC053 /* Frameworks */ = {
			isa = PBXFrameworksBuildPhase;
			buildActionMask = 2147483647;
			files = (
				B0222AA2DBA35DC3C739D158 /* Pods_firebaseTestingTests.framework in Frameworks */,
			);
			runOnlyForDeploymentPostprocessing = 0;
		};
		DEAF4EA21DA52C9E000DC053 /* Frameworks */ = {
			isa = PBXFrameworksBuildPhase;
			buildActionMask = 2147483647;
			files = (
				0429D558324FA3D2327D8C88 /* Pods_firebaseTestingUITests.framework in Frameworks */,
			);
			runOnlyForDeploymentPostprocessing = 0;
		};
/* End PBXFrameworksBuildPhase section */

/* Begin PBXGroup section */
		AD75387C5EACAA27178F6640 /* Frameworks */ = {
			isa = PBXGroup;
			children = (
				747BDB7490F7C7B216A82285 /* Pods_firebaseTesting.framework */,
				CDD1078092B8CE47E1DB4416 /* Pods_firebaseTestingTests.framework */,
				2C2E750552FFC097C2605219 /* Pods_firebaseTestingUITests.framework */,
			);
			name = Frameworks;
			sourceTree = "<group>";
		};
		DEAF4E7A1DA52C9E000DC053 = {
			isa = PBXGroup;
			children = (
				DEAF4E851DA52C9E000DC053 /* firebaseTesting */,
				DEAF4E9D1DA52C9E000DC053 /* firebaseTestingTests */,
				DEAF4EA81DA52C9E000DC053 /* firebaseTestingUITests */,
				DEAF4E841DA52C9E000DC053 /* Products */,
				F79077B4AC86603D183980AA /* Pods */,
				AD75387C5EACAA27178F6640 /* Frameworks */,
			);
			sourceTree = "<group>";
		};
		DEAF4E841DA52C9E000DC053 /* Products */ = {
			isa = PBXGroup;
			children = (
				DEAF4E831DA52C9E000DC053 /* firebaseTesting.app */,
				DEAF4E9A1DA52C9E000DC053 /* firebaseTestingTests.xctest */,
				DEAF4EA51DA52C9E000DC053 /* firebaseTestingUITests.xctest */,
			);
			name = Products;
			sourceTree = "<group>";
		};
		DEAF4E851DA52C9E000DC053 /* firebaseTesting */ = {
			isa = PBXGroup;
			children = (
				DEAF4E861DA52C9E000DC053 /* AppDelegate.swift */,
				DEAF4E881DA52C9E000DC053 /* ViewController.swift */,
				DEAF4EB71DA52D13000DC053 /* GoogleService-Info.plist */,
				DEAF4E8A1DA52C9E000DC053 /* Main.storyboard */,
				DEAF4E901DA52C9E000DC053 /* Assets.xcassets */,
				DEAF4E921DA52C9E000DC053 /* LaunchScreen.storyboard */,
				DEAF4E951DA52C9E000DC053 /* Info.plist */,
				DEAF4E8D1DA52C9E000DC053 /* firebaseTesting.xcdatamodeld */,
			);
			path = firebaseTesting;
			sourceTree = "<group>";
		};
		DEAF4E9D1DA52C9E000DC053 /* firebaseTestingTests */ = {
			isa = PBXGroup;
			children = (
				DEAF4E9E1DA52C9E000DC053 /* firebaseTestingTests.swift */,
				DEAF4EA01DA52C9E000DC053 /* Info.plist */,
			);
			path = firebaseTestingTests;
			sourceTree = "<group>";
		};
		DEAF4EA81DA52C9E000DC053 /* firebaseTestingUITests */ = {
			isa = PBXGroup;
			children = (
				DEAF4EA91DA52C9E000DC053 /* firebaseTestingUITests.swift */,
				DEAF4EAB1DA52C9E000DC053 /* Info.plist */,
			);
			path = firebaseTestingUITests;
			sourceTree = "<group>";
		};
		F79077B4AC86603D183980AA /* Pods */ = {
			isa = PBXGroup;
			children = (
				F41DA7AAFD262F47DF516A6E /* Pods-firebaseTesting.debug.xcconfig */,
				AC6D8CEB84DD1F707E217A40 /* Pods-firebaseTesting.release.xcconfig */,
				4A251BD7F7C2A7B834C79A10 /* Pods-firebaseTestingTests.debug.xcconfig */,
				E26858E73ABD23574207B6CA /* Pods-firebaseTestingTests.release.xcconfig */,
				4DA65C98C372C6DE9FA5ECDC /* Pods-firebaseTestingUITests.debug.xcconfig */,
				6175CB06DC6532E152E178D8 /* Pods-firebaseTestingUITests.release.xcconfig */,
			);
			name = Pods;
			sourceTree = "<group>";
		};
/* End PBXGroup section */

/* Begin PBXNativeTarget section */
		DEAF4E821DA52C9E000DC053 /* firebaseTesting */ = {
			isa = PBXNativeTarget;
			buildConfigurationList = DEAF4EAE1DA52C9E000DC053 /* Build configuration list for PBXNativeTarget "firebaseTesting" */;
			buildPhases = (
				74FB85D7BEBA82C0BB80018F /* [CP] Check Pods Manifest.lock */,
				DEAF4E7F1DA52C9E000DC053 /* Sources */,
				DEAF4E801DA52C9E000DC053 /* Frameworks */,
				DEAF4E811DA52C9E000DC053 /* Resources */,
				006BFC3580D5F0CD12350379 /* [CP] Embed Pods Frameworks */,
				8304CFEDA8C9E5FEF76D8087 /* [CP] Copy Pods Resources */,
			);
			buildRules = (
			);
			dependencies = (
			);
			name = firebaseTesting;
			productName = firebaseTesting;
			productReference = DEAF4E831DA52C9E000DC053 /* firebaseTesting.app */;
			productType = "com.apple.product-type.application";
		};
		DEAF4E991DA52C9E000DC053 /* firebaseTestingTests */ = {
			isa = PBXNativeTarget;
			buildConfigurationList = DEAF4EB11DA52C9E000DC053 /* Build configuration list for PBXNativeTarget "firebaseTestingTests" */;
			buildPhases = (
				6D05C3F31B1496D1C5529E88 /* [CP] Check Pods Manifest.lock */,
				DEAF4E961DA52C9E000DC053 /* Sources */,
				DEAF4E971DA52C9E000DC053 /* Frameworks */,
				DEAF4E981DA52C9E000DC053 /* Resources */,
				2C73A9639B6E97B13BFA6872 /* [CP] Embed Pods Frameworks */,
				779BDBC201B5085FA90BFC59 /* [CP] Copy Pods Resources */,
			);
			buildRules = (
			);
			dependencies = (
				DEAF4E9C1DA52C9E000DC053 /* PBXTargetDependency */,
			);
			name = firebaseTestingTests;
			productName = firebaseTestingTests;
			productReference = DEAF4E9A1DA52C9E000DC053 /* firebaseTestingTests.xctest */;
			productType = "com.apple.product-type.bundle.unit-test";
		};
		DEAF4EA41DA52C9E000DC053 /* firebaseTestingUITests */ = {
			isa = PBXNativeTarget;
			buildConfigurationList = DEAF4EB41DA52C9E000DC053 /* Build configuration list for PBXNativeTarget "firebaseTestingUITests" */;
			buildPhases = (
				C4367952AB4A13FEDCAC7E1B /* [CP] Check Pods Manifest.lock */,
				DEAF4EA11DA52C9E000DC053 /* Sources */,
				DEAF4EA21DA52C9E000DC053 /* Frameworks */,
				DEAF4EA31DA52C9E000DC053 /* Resources */,
				F9EBD4FCECA3ADE484B494B2 /* [CP] Copy Pods Resources */,
			);
			buildRules = (
			);
			dependencies = (
				DEAF4EA71DA52C9E000DC053 /* PBXTargetDependency */,
			);
			name = firebaseTestingUITests;
			productName = firebaseTestingUITests;
			productReference = DEAF4EA51DA52C9E000DC053 /* firebaseTestingUITests.xctest */;
			productType = "com.apple.product-type.bundle.ui-testing";
		};
/* End PBXNativeTarget section */

/* Begin PBXProject section */
		DEAF4E7B1DA52C9E000DC053 /* Project object */ = {
			isa = PBXProject;
			attributes = {
				LastSwiftUpdateCheck = 0800;
				LastUpgradeCheck = 0800;
				ORGANIZATIONNAME = rohan;
				TargetAttributes = {
					DEAF4E821DA52C9E000DC053 = {
						CreatedOnToolsVersion = 8.0;
						ProvisioningStyle = Automatic;
					};
					DEAF4E991DA52C9E000DC053 = {
						CreatedOnToolsVersion = 8.0;
						ProvisioningStyle = Automatic;
						TestTargetID = DEAF4E821DA52C9E000DC053;
					};
					DEAF4EA41DA52C9E000DC053 = {
						CreatedOnToolsVersion = 8.0;
						ProvisioningStyle = Automatic;
						TestTargetID = DEAF4E821DA52C9E000DC053;
					};
				};
			};
			buildConfigurationList = DEAF4E7E1DA52C9E000DC053 /* Build configuration list for PBXProject "firebaseTesting" */;
			compatibilityVersion = "Xcode 3.2";
			developmentRegion = English;
			hasScannedForEncodings = 0;
			knownRegions = (
				en,
				Base,
			);
			mainGroup = DEAF4E7A1DA52C9E000DC053;
			productRefGroup = DEAF4E841DA52C9E000DC053 /* Products */;
			projectDirPath = "";
			projectRoot = "";
			targets = (
				DEAF4E821DA52C9E000DC053 /* firebaseTesting */,
				DEAF4E991DA52C9E000DC053 /* firebaseTestingTests */,
				DEAF4EA41DA52C9E000DC053 /* firebaseTestingUITests */,
			);
		};
/* End PBXProject section */

/* Begin PBXResourcesBuildPhase section */
		DEAF4E811DA52C9E000DC053 /* Resources */ = {
			isa = PBXResourcesBuildPhase;
			buildActionMask = 2147483647;
			files = (
				DEAF4EB81DA52D13000DC053 /* GoogleService-Info.plist in Resources */,
				DEAF4E941DA52C9E000DC053 /* LaunchScreen.storyboard in Resources */,
				DEAF4E911DA52C9E000DC053 /* Assets.xcassets in Resources */,
				DEAF4E8C1DA52C9E000DC053 /* Main.storyboard in Resources */,
			);
			runOnlyForDeploymentPostprocessing = 0;
		};
		DEAF4E981DA52C9E000DC053 /* Resources */ = {
			isa = PBXResourcesBuildPhase;
			buildActionMask = 2147483647;
			files = (
			);
			runOnlyForDeploymentPostprocessing = 0;
		};
		DEAF4EA31DA52C9E000DC053 /* Resources */ = {
			isa = PBXResourcesBuildPhase;
			buildActionMask = 2147483647;
			files = (
			);
			runOnlyForDeploymentPostprocessing = 0;
		};
/* End PBXResourcesBuildPhase section */

/* Begin PBXShellScriptBuildPhase section */
		006BFC3580D5F0CD12350379 /* [CP] Embed Pods Frameworks */ = {
			isa = PBXShellScriptBuildPhase;
			buildActionMask = 2147483647;
			files = (
			);
			inputPaths = (
			);
			name = "[CP] Embed Pods Frameworks";
			outputPaths = (
			);
			runOnlyForDeploymentPostprocessing = 0;
			shellPath = /bin/sh;
			shellScript = "\"${SRCROOT}/Pods/Target Support Files/Pods-firebaseTesting/Pods-firebaseTesting-frameworks.sh\"\n";
			showEnvVarsInLog = 0;
		};
		2C73A9639B6E97B13BFA6872 /* [CP] Embed Pods Frameworks */ = {
			isa = PBXShellScriptBuildPhase;
			buildActionMask = 2147483647;
			files = (
			);
			inputPaths = (
			);
			name = "[CP] Embed Pods Frameworks";
			outputPaths = (
			);
			runOnlyForDeploymentPostprocessing = 0;
			shellPath = /bin/sh;
			shellScript = "\"${SRCROOT}/Pods/Target Support Files/Pods-firebaseTestingTests/Pods-firebaseTestingTests-frameworks.sh\"\n";
			showEnvVarsInLog = 0;
		};
		6D05C3F31B1496D1C5529E88 /* [CP] Check Pods Manifest.lock */ = {
			isa = PBXShellScriptBuildPhase;
			buildActionMask = 2147483647;
			files = (
			);
			inputPaths = (
			);
			name = "[CP] Check Pods Manifest.lock";
			outputPaths = (
			);
			runOnlyForDeploymentPostprocessing = 0;
			shellPath = /bin/sh;
			shellScript = "diff \"${PODS_ROOT}/../Podfile.lock\" \"${PODS_ROOT}/Manifest.lock\" > /dev/null\nif [[ $? != 0 ]] ; then\n    cat << EOM\nerror: The sandbox is not in sync with the Podfile.lock. Run 'pod install' or update your CocoaPods installation.\nEOM\n    exit 1\nfi\n";
			showEnvVarsInLog = 0;
		};
		74FB85D7BEBA82C0BB80018F /* [CP] Check Pods Manifest.lock */ = {
			isa = PBXShellScriptBuildPhase;
			buildActionMask = 2147483647;
			files = (
			);
			inputPaths = (
			);
			name = "[CP] Check Pods Manifest.lock";
			outputPaths = (
			);
			runOnlyForDeploymentPostprocessing = 0;
			shellPath = /bin/sh;
			shellScript = "diff \"${PODS_ROOT}/../Podfile.lock\" \"${PODS_ROOT}/Manifest.lock\" > /dev/null\nif [[ $? != 0 ]] ; then\n    cat << EOM\nerror: The sandbox is not in sync with the Podfile.lock. Run 'pod install' or update your CocoaPods installation.\nEOM\n    exit 1\nfi\n";
			showEnvVarsInLog = 0;
		};
		779BDBC201B5085FA90BFC59 /* [CP] Copy Pods Resources */ = {
			isa = PBXShellScriptBuildPhase;
			buildActionMask = 2147483647;
			files = (
			);
			inputPaths = (
			);
			name = "[CP] Copy Pods Resources";
			outputPaths = (
			);
			runOnlyForDeploymentPostprocessing = 0;
			shellPath = /bin/sh;
			shellScript = "\"${SRCROOT}/Pods/Target Support Files/Pods-firebaseTestingTests/Pods-firebaseTestingTests-resources.sh\"\n";
			showEnvVarsInLog = 0;
		};
		8304CFEDA8C9E5FEF76D8087 /* [CP] Copy Pods Resources */ = {
			isa = PBXShellScriptBuildPhase;
			buildActionMask = 2147483647;
			files = (
			);
			inputPaths = (
			);
			name = "[CP] Copy Pods Resources";
			outputPaths = (
			);
			runOnlyForDeploymentPostprocessing = 0;
			shellPath = /bin/sh;
			shellScript = "\"${SRCROOT}/Pods/Target Support Files/Pods-firebaseTesting/Pods-firebaseTesting-resources.sh\"\n";
			showEnvVarsInLog = 0;
		};
		C4367952AB4A13FEDCAC7E1B /* [CP] Check Pods Manifest.lock */ = {
			isa = PBXShellScriptBuildPhase;
			buildActionMask = 2147483647;
			files = (
			);
			inputPaths = (
			);
			name = "[CP] Check Pods Manifest.lock";
			outputPaths = (
			);
			runOnlyForDeploymentPostprocessing = 0;
			shellPath = /bin/sh;
			shellScript = "diff \"${PODS_ROOT}/../Podfile.lock\" \"${PODS_ROOT}/Manifest.lock\" > /dev/null\nif [[ $? != 0 ]] ; then\n    cat << EOM\nerror: The sandbox is not in sync with the Podfile.lock. Run 'pod install' or update your CocoaPods installation.\nEOM\n    exit 1\nfi\n";
			showEnvVarsInLog = 0;
		};
		F9EBD4FCECA3ADE484B494B2 /* [CP] Copy Pods Resources */ = {
			isa = PBXShellScriptBuildPhase;
			buildActionMask = 2147483647;
			files = (
			);
			inputPaths = (
			);
			name = "[CP] Copy Pods Resources";
			outputPaths = (
			);
			runOnlyForDeploymentPostprocessing = 0;
			shellPath = /bin/sh;
			shellScript = "\"${SRCROOT}/Pods/Target Support Files/Pods-firebaseTestingUITests/Pods-firebaseTestingUITests-resources.sh\"\n";
			showEnvVarsInLog = 0;
		};
/* End PBXShellScriptBuildPhase section */

/* Begin PBXSourcesBuildPhase section */
		DEAF4E7F1DA52C9E000DC053 /* Sources */ = {
			isa = PBXSourcesBuildPhase;
			buildActionMask = 2147483647;
			files = (
				DEAF4E891DA52C9E000DC053 /* ViewController.swift in Sources */,
				DEAF4E8F1DA52C9E000DC053 /* firebaseTesting.xcdatamodeld in Sources */,
				DEAF4E871DA52C9E000DC053 /* AppDelegate.swift in Sources */,
			);
			runOnlyForDeploymentPostprocessing = 0;
		};
		DEAF4E961DA52C9E000DC053 /* Sources */ = {
			isa = PBXSourcesBuildPhase;
			buildActionMask = 2147483647;
			files = (
				DEAF4E9F1DA52C9E000DC053 /* firebaseTestingTests.swift in Sources */,
			);
			runOnlyForDeploymentPostprocessing = 0;
		};
		DEAF4EA11DA52C9E000DC053 /* Sources */ = {
			isa = PBXSourcesBuildPhase;
			buildActionMask = 2147483647;
			files = (
				DEAF4EAA1DA52C9E000DC053 /* firebaseTestingUITests.swift in Sources */,
			);
			runOnlyForDeploymentPostprocessing = 0;
		};
/* End PBXSourcesBuildPhase section */

/* Begin PBXTargetDependency section */
		DEAF4E9C1DA52C9E000DC053 /* PBXTargetDependency */ = {
			isa = PBXTargetDependency;
			target = DEAF4E821DA52C9E000DC053 /* firebaseTesting */;
			targetProxy = DEAF4E9B1DA52C9E000DC053 /* PBXContainerItemProxy */;
		};
		DEAF4EA71DA52C9E000DC053 /* PBXTargetDependency */ = {
			isa = PBXTargetDependency;
			target = DEAF4E821DA52C9E000DC053 /* firebaseTesting */;
			targetProxy = DEAF4EA61DA52C9E000DC053 /* PBXContainerItemProxy */;
		};
/* End PBXTargetDependency section */

/* Begin PBXVariantGroup section */
		DEAF4E8A1DA52C9E000DC053 /* Main.storyboard */ = {
			isa = PBXVariantGroup;
			children = (
				DEAF4E8B1DA52C9E000DC053 /* Base */,
			);
			name = Main.storyboard;
			sourceTree = "<group>";
		};
		DEAF4E921DA52C9E000DC053 /* LaunchScreen.storyboard */ = {
			isa = PBXVariantGroup;
			children = (
				DEAF4E931DA52C9E000DC053 /* Base */,
			);
			name = LaunchScreen.storyboard;
			sourceTree = "<group>";
		};
/* End PBXVariantGroup section */

/* Begin XCBuildConfiguration section */
		DEAF4EAC1DA52C9E000DC053 /* Debug */ = {
			isa = XCBuildConfiguration;
			buildSettings = {
				ALWAYS_SEARCH_USER_PATHS = NO;
				CLANG_ANALYZER_NONNULL = YES;
				CLANG_CXX_LANGUAGE_STANDARD = "gnu++0x";
				CLANG_CXX_LIBRARY = "libc++";
				CLANG_ENABLE_MODULES = YES;
				CLANG_ENABLE_OBJC_ARC = YES;
				CLANG_WARN_BOOL_CONVERSION = YES;
				CLANG_WARN_CONSTANT_CONVERSION = YES;
				CLANG_WARN_DIRECT_OBJC_ISA_USAGE = YES_ERROR;
				CLANG_WARN_DOCUMENTATION_COMMENTS = YES;
				CLANG_WARN_EMPTY_BODY = YES;
				CLANG_WARN_ENUM_CONVERSION = YES;
				CLANG_WARN_INFINITE_RECURSION = YES;
				CLANG_WARN_INT_CONVERSION = YES;
				CLANG_WARN_OBJC_ROOT_CLASS = YES_ERROR;
				CLANG_WARN_SUSPICIOUS_MOVES = YES;
				CLANG_WARN_UNREACHABLE_CODE = YES;
				CLANG_WARN__DUPLICATE_METHOD_MATCH = YES;
				"CODE_SIGN_IDENTITY[sdk=iphoneos*]" = "iPhone Developer";
				COPY_PHASE_STRIP = NO;
				DEBUG_INFORMATION_FORMAT = dwarf;
				ENABLE_STRICT_OBJC_MSGSEND = YES;
				ENABLE_TESTABILITY = YES;
				GCC_C_LANGUAGE_STANDARD = gnu99;
				GCC_DYNAMIC_NO_PIC = NO;
				GCC_NO_COMMON_BLOCKS = YES;
				GCC_OPTIMIZATION_LEVEL = 0;
				GCC_PREPROCESSOR_DEFINITIONS = (
					"DEBUG=1",
					"$(inherited)",
				);
				GCC_WARN_64_TO_32_BIT_CONVERSION = YES;
				GCC_WARN_ABOUT_RETURN_TYPE = YES_ERROR;
				GCC_WARN_UNDECLARED_SELECTOR = YES;
				GCC_WARN_UNINITIALIZED_AUTOS = YES_AGGRESSIVE;
				GCC_WARN_UNUSED_FUNCTION = YES;
				GCC_WARN_UNUSED_VARIABLE = YES;
				IPHONEOS_DEPLOYMENT_TARGET = 10.0;
				MTL_ENABLE_DEBUG_INFO = YES;
				ONLY_ACTIVE_ARCH = YES;
				SDKROOT = iphoneos;
				SWIFT_ACTIVE_COMPILATION_CONDITIONS = DEBUG;
				SWIFT_OPTIMIZATION_LEVEL = "-Onone";
			};
			name = Debug;
		};
		DEAF4EAD1DA52C9E000DC053 /* Release */ = {
			isa = XCBuildConfiguration;
			buildSettings = {
				ALWAYS_SEARCH_USER_PATHS = NO;
				CLANG_ANALYZER_NONNULL = YES;
				CLANG_CXX_LANGUAGE_STANDARD = "gnu++0x";
				CLANG_CXX_LIBRARY = "libc++";
				CLANG_ENABLE_MODULES = YES;
				CLANG_ENABLE_OBJC_ARC = YES;
				CLANG_WARN_BOOL_CONVERSION = YES;
				CLANG_WARN_CONSTANT_CONVERSION = YES;
				CLANG_WARN_DIRECT_OBJC_ISA_USAGE = YES_ERROR;
				CLANG_WARN_DOCUMENTATION_COMMENTS = YES;
				CLANG_WARN_EMPTY_BODY = YES;
				CLANG_WARN_ENUM_CONVERSION = YES;
				CLANG_WARN_INFINITE_RECURSION = YES;
				CLANG_WARN_INT_CONVERSION = YES;
				CLANG_WARN_OBJC_ROOT_CLASS = YES_ERROR;
				CLANG_WARN_SUSPICIOUS_MOVES = YES;
				CLANG_WARN_UNREACHABLE_CODE = YES;
				CLANG_WARN__DUPLICATE_METHOD_MATCH = YES;
				"CODE_SIGN_IDENTITY[sdk=iphoneos*]" = "iPhone Developer";
				COPY_PHASE_STRIP = NO;
				DEBUG_INFORMATION_FORMAT = "dwarf-with-dsym";
				ENABLE_NS_ASSERTIONS = NO;
				ENABLE_STRICT_OBJC_MSGSEND = YES;
				GCC_C_LANGUAGE_STANDARD = gnu99;
				GCC_NO_COMMON_BLOCKS = YES;
				GCC_WARN_64_TO_32_BIT_CONVERSION = YES;
				GCC_WARN_ABOUT_RETURN_TYPE = YES_ERROR;
				GCC_WARN_UNDECLARED_SELECTOR = YES;
				GCC_WARN_UNINITIALIZED_AUTOS = YES_AGGRESSIVE;
				GCC_WARN_UNUSED_FUNCTION = YES;
				GCC_WARN_UNUSED_VARIABLE = YES;
				IPHONEOS_DEPLOYMENT_TARGET = 10.0;
				MTL_ENABLE_DEBUG_INFO = NO;
				SDKROOT = iphoneos;
				SWIFT_OPTIMIZATION_LEVEL = "-Owholemodule";
				VALIDATE_PRODUCT = YES;
			};
			name = Release;
		};
		DEAF4EAF1DA52C9E000DC053 /* Debug */ = {
			isa = XCBuildConfiguration;
			baseConfigurationReference = F41DA7AAFD262F47DF516A6E /* Pods-firebaseTesting.debug.xcconfig */;
			buildSettings = {
				ASSETCATALOG_COMPILER_APPICON_NAME = AppIcon;
				INFOPLIST_FILE = firebaseTesting/Info.plist;
				LD_RUNPATH_SEARCH_PATHS = "$(inherited) @executable_path/Frameworks";
				PRODUCT_BUNDLE_IDENTIFIER = rohan.firebaseTesting;
				PRODUCT_NAME = "$(TARGET_NAME)";
				SWIFT_VERSION = 3.0;
			};
			name = Debug;
		};
		DEAF4EB01DA52C9E000DC053 /* Release */ = {
			isa = XCBuildConfiguration;
			baseConfigurationReference = AC6D8CEB84DD1F707E217A40 /* Pods-firebaseTesting.release.xcconfig */;
			buildSettings = {
				ASSETCATALOG_COMPILER_APPICON_NAME = AppIcon;
				INFOPLIST_FILE = firebaseTesting/Info.plist;
				LD_RUNPATH_SEARCH_PATHS = "$(inherited) @executable_path/Frameworks";
				PRODUCT_BUNDLE_IDENTIFIER = rohan.firebaseTesting;
				PRODUCT_NAME = "$(TARGET_NAME)";
				SWIFT_VERSION = 3.0;
			};
			name = Release;
		};
		DEAF4EB21DA52C9E000DC053 /* Debug */ = {
			isa = XCBuildConfiguration;
			baseConfigurationReference = 4A251BD7F7C2A7B834C79A10 /* Pods-firebaseTestingTests.debug.xcconfig */;
			buildSettings = {
				ALWAYS_EMBED_SWIFT_STANDARD_LIBRARIES = YES;
				BUNDLE_LOADER = "$(TEST_HOST)";
				INFOPLIST_FILE = firebaseTestingTests/Info.plist;
				LD_RUNPATH_SEARCH_PATHS = "$(inherited) @executable_path/Frameworks @loader_path/Frameworks";
				PRODUCT_BUNDLE_IDENTIFIER = rohan.firebaseTestingTests;
				PRODUCT_NAME = "$(TARGET_NAME)";
				SWIFT_VERSION = 3.0;
				TEST_HOST = "$(BUILT_PRODUCTS_DIR)/firebaseTesting.app/firebaseTesting";
			};
			name = Debug;
		};
		DEAF4EB31DA52C9E000DC053 /* Release */ = {
			isa = XCBuildConfiguration;
			baseConfigurationReference = E26858E73ABD23574207B6CA /* Pods-firebaseTestingTests.release.xcconfig */;
			buildSettings = {
				ALWAYS_EMBED_SWIFT_STANDARD_LIBRARIES = YES;
				BUNDLE_LOADER = "$(TEST_HOST)";
				INFOPLIST_FILE = firebaseTestingTests/Info.plist;
				LD_RUNPATH_SEARCH_PATHS = "$(inherited) @executable_path/Frameworks @loader_path/Frameworks";
				PRODUCT_BUNDLE_IDENTIFIER = rohan.firebaseTestingTests;
				PRODUCT_NAME = "$(TARGET_NAME)";
				SWIFT_VERSION = 3.0;
				TEST_HOST = "$(BUILT_PRODUCTS_DIR)/firebaseTesting.app/firebaseTesting";
			};
			name = Release;
		};
		DEAF4EB51DA52C9E000DC053 /* Debug */ = {
			isa = XCBuildConfiguration;
			baseConfigurationReference = 4DA65C98C372C6DE9FA5ECDC /* Pods-firebaseTestingUITests.debug.xcconfig */;
			buildSettings = {
				ALWAYS_EMBED_SWIFT_STANDARD_LIBRARIES = YES;
				INFOPLIST_FILE = firebaseTestingUITests/Info.plist;
				LD_RUNPATH_SEARCH_PATHS = "$(inherited) @executable_path/Frameworks @loader_path/Frameworks";
				PRODUCT_BUNDLE_IDENTIFIER = rohan.firebaseTestingUITests;
				PRODUCT_NAME = "$(TARGET_NAME)";
				SWIFT_VERSION = 3.0;
				TEST_TARGET_NAME = firebaseTesting;
			};
			name = Debug;
		};
		DEAF4EB61DA52C9E000DC053 /* Release */ = {
			isa = XCBuildConfiguration;
			baseConfigurationReference = 6175CB06DC6532E152E178D8 /* Pods-firebaseTestingUITests.release.xcconfig */;
			buildSettings = {
				ALWAYS_EMBED_SWIFT_STANDARD_LIBRARIES = YES;
				INFOPLIST_FILE = firebaseTestingUITests/Info.plist;
				LD_RUNPATH_SEARCH_PATHS = "$(inherited) @executable_path/Frameworks @loader_path/Frameworks";
				PRODUCT_BUNDLE_IDENTIFIER = rohan.firebaseTestingUITests;
				PRODUCT_NAME = "$(TARGET_NAME)";
				SWIFT_VERSION = 3.0;
				TEST_TARGET_NAME = firebaseTesting;
			};
			name = Release;
		};
/* End XCBuildConfiguration section */

/* Begin XCConfigurationList section */
		DEAF4E7E1DA52C9E000DC053 /* Build configuration list for PBXProject "firebaseTesting" */ = {
			isa = XCConfigurationList;
			buildConfigurations = (
				DEAF4EAC1DA52C9E000DC053 /* Debug */,
				DEAF4EAD1DA52C9E000DC053 /* Release */,
			);
			defaultConfigurationIsVisible = 0;
			defaultConfigurationName = Release;
		};
		DEAF4EAE1DA52C9E000DC053 /* Build configuration list for PBXNativeTarget "firebaseTesting" */ = {
			isa = XCConfigurationList;
			buildConfigurations = (
				DEAF4EAF1DA52C9E000DC053 /* Debug */,
				DEAF4EB01DA52C9E000DC053 /* Release */,
			);
			defaultConfigurationIsVisible = 0;
			defaultConfigurationName = Release;
		};
		DEAF4EB11DA52C9E000DC053 /* Build configuration list for PBXNativeTarget "firebaseTestingTests" */ = {
			isa = XCConfigurationList;
			buildConfigurations = (
				DEAF4EB21DA52C9E000DC053 /* Debug */,
				DEAF4EB31DA52C9E000DC053 /* Release */,
			);
			defaultConfigurationIsVisible = 0;
			defaultConfigurationName = Release;
		};
		DEAF4EB41DA52C9E000DC053 /* Build configuration list for PBXNativeTarget "firebaseTestingUITests" */ = {
			isa = XCConfigurationList;
			buildConfigurations = (
				DEAF4EB51DA52C9E000DC053 /* Debug */,
				DEAF4EB61DA52C9E000DC053 /* Release */,
			);
			defaultConfigurationIsVisible = 0;
			defaultConfigurationName = Release;
		};
/* End XCConfigurationList section */

/* Begin XCVersionGroup section */
		DEAF4E8D1DA52C9E000DC053 /* firebaseTesting.xcdatamodeld */ = {
			isa = XCVersionGroup;
			children = (
				DEAF4E8E1DA52C9E000DC053 /* firebaseTesting.xcdatamodel */,
			);
			currentVersion = DEAF4E8E1DA52C9E000DC053 /* firebaseTesting.xcdatamodel */;
			path = firebaseTesting.xcdatamodeld;
			sourceTree = "<group>";
			versionGroupType = wrapper.xcdatamodel;
		};
/* End XCVersionGroup section */
	};
	rootObject = DEAF4E7B1DA52C9E000DC053 /* Project object */;
}
